{
  "name": "LeFiora",
  "lockfileVersion": 3,
  "requires": true,
  "packages": {
    "": {
      "dependencies": {
        "vibrant": "^0.0.1"
      }
    },
    "node_modules/through": {
      "version": "2.3.8",
      "resolved": "https://registry.npmjs.org/through/-/through-2.3.8.tgz",
      "integrity": "sha512-w89qg7PI8wAdvX60bMDP+bFoD5Dvhm9oLheFp5O4a2QF0cSBGsBX4qZmadPMvVqlLJBBci+WqGGOAPvcDeNSVg=="
    },
    "node_modules/vibrant": {
      "version": "0.0.1",
      "resolved": "https://registry.npmjs.org/vibrant/-/vibrant-0.0.1.tgz",
      "integrity": "sha512-qs5u7xmnRdgEJcfPIk/T2FYwkuSZrv3GH4mjxOcEbZWWHtYYlIhF6NeRNcknUQ6q0fFueK9LY0M3xsWXd7M+eQ==",
      "dependencies": {
        "through": "~2.3.4"
      }
    }
  }
}
